
Microsoft Visual Studio Solution File, Format Version 12.00
# Visual Studio Version 17
VisualStudioVersion = 17.0.31903.59
MinimumVisualStudioVersion = 10.0.40219.1
Project("{FAE04EC0-301F-11D3-BF4B-00C04F79EFBC}") = "Modelering", "Modelering\Modelering.csproj", "{761A113F-38EA-48EE-9A40-5D3568B72A24}"
EndProject
Global
	GlobalSection(SolutionConfigurationPlatforms) = preSolution
		Debug|Any CPU = Debug|Any CPU
		Release|Any CPU = Release|Any CPU
	EndGlobalSection
	GlobalSection(SolutionProperties) = preSolution
		HideSolutionNode = FALSE
	EndGlobalSection
	GlobalSection(ProjectConfigurationPlatforms) = postSolution
		{761A113F-38EA-48EE-9A40-5D3568B72A24}.Debug|Any CPU.ActiveCfg = Debug|Any CPU
		{761A113F-38EA-48EE-9A40-5D3568B72A24}.Debug|Any CPU.Build.0 = Debug|Any CPU
		{761A113F-38EA-48EE-9A40-5D3568B72A24}.Release|Any CPU.ActiveCfg = Release|Any CPU
		{761A113F-38EA-48EE-9A40-5D3568B72A24}.Release|Any CPU.Build.0 = Release|Any CPU
	EndGlobalSection
EndGlobal
